
Microsoft Visual Studio Solution File, Format Version 12.00
# Visual Studio Version 17
VisualStudioVersion = 17.8.34408.163
MinimumVisualStudioVersion = 10.0.40219.1
Project("{FAE04EC0-301F-11D3-BF4B-00C04F79EFBC}") = "LoginRegister", "LoginRegister\LoginRegister.csproj", "{C00CFB4A-27DA-4E68-BFC3-6E25AE95EABE}"
EndProject
Global
	GlobalSection(SolutionConfigurationPlatforms) = preSolution
		Debug|Any CPU = Debug|Any CPU
		Release|Any CPU = Release|Any CPU
	EndGlobalSection
	GlobalSection(ProjectConfigurationPlatforms) = postSolution
		{C00CFB4A-27DA-4E68-BFC3-6E25AE95EABE}.Debug|Any CPU.ActiveCfg = Debug|Any CPU
		{C00CFB4A-27DA-4E68-BFC3-6E25AE95EABE}.Debug|Any CPU.Build.0 = Debug|Any CPU
		{C00CFB4A-27DA-4E68-BFC3-6E25AE95EABE}.Release|Any CPU.ActiveCfg = Release|Any CPU
		{C00CFB4A-27DA-4E68-BFC3-6E25AE95EABE}.Release|Any CPU.Build.0 = Release|Any CPU
	EndGlobalSection
	GlobalSection(SolutionProperties) = preSolution
		HideSolutionNode = FALSE
	EndGlobalSection
	GlobalSection(ExtensibilityGlobals) = postSolution
		SolutionGuid = {4DED1635-911F-4141-9804-DA8A71818187}
	EndGlobalSection
EndGlobal
